// !$*UTF8*$!
{
	archiveVersion = 1;
	classes = {
	};
	objectVersion = 50;
	objects = {

/* Begin PBXBuildFile section */
		20FA160C24DF446A006AD5DE /* AppDelegate.swift in Sources */ = {isa = PBXBuildFile; fileRef = 20FA160B24DF446A006AD5DE /* AppDelegate.swift */; };
		20FA160E24DF446A006AD5DE /* SceneDelegate.swift in Sources */ = {isa = PBXBuildFile; fileRef = 20FA160D24DF446A006AD5DE /* SceneDelegate.swift */; };
		20FA161024DF446A006AD5DE /* ContentView.swift in Sources */ = {isa = PBXBuildFile; fileRef = 20FA160F24DF446A006AD5DE /* ContentView.swift */; };
		20FA161224DF446C006AD5DE /* Assets.xcassets in Resources */ = {isa = PBXBuildFile; fileRef = 20FA161124DF446C006AD5DE /* Assets.xcassets */; };
		20FA161524DF446C006AD5DE /* Preview Assets.xcassets in Resources */ = {isa = PBXBuildFile; fileRef = 20FA161424DF446C006AD5DE /* Preview Assets.xcassets */; };
		20FA161824DF446C006AD5DE /* LaunchScreen.storyboard in Resources */ = {isa = PBXBuildFile; fileRef = 20FA161624DF446C006AD5DE /* LaunchScreen.storyboard */; };
/* End PBXBuildFile section */

/* Begin PBXFileReference section */
		20FA160824DF446A006AD5DE /* amojiOS13.app */ = {isa = PBXFileReference; explicitFileType = wrapper.application; includeInIndex = 0; path = amojiOS13.app; sourceTree = BUILT_PRODUCTS_DIR; };
		20FA160B24DF446A006AD5DE /* AppDelegate.swift */ = {isa = PBXFileReference; lastKnownFileType = sourcecode.swift; path = AppDelegate.swift; sourceTree = "<group>"; };
		20FA160D24DF446A006AD5DE /* SceneDelegate.swift */ = {isa = PBXFileReference; lastKnownFileType = sourcecode.swift; path = SceneDelegate.swift; sourceTree = "<group>"; };
		20FA160F24DF446A006AD5DE /* ContentView.swift */ = {isa = PBXFileReference; lastKnownFileType = sourcecode.swift; path = ContentView.swift; sourceTree = "<group>"; };
		20FA161124DF446C006AD5DE /* Assets.xcassets */ = {isa = PBXFileReference; lastKnownFileType = folder.assetcatalog; path = Assets.xcassets; sourceTree = "<group>"; };
		20FA161424DF446C006AD5DE /* Preview Assets.xcassets */ = {isa = PBXFileReference; lastKnownFileType = folder.assetcatalog; path = "Preview Assets.xcassets"; sourceTree = "<group>"; };
		20FA161724DF446C006AD5DE /* Base */ = {isa = PBXFileReference; lastKnownFileType = file.storyboard; name = Base; path = Base.lproj/LaunchScreen.storyboard; sourceTree = "<group>"; };
		20FA161924DF446C006AD5DE /* Info.plist */ = {isa = PBXFileReference; lastKnownFileType = text.plist.xml; path = Info.plist; sourceTree = "<group>"; };
/* End PBXFileReference section */

/* Begin PBXFrameworksBuildPhase section */
		20FA160524DF446A006AD5DE /* Frameworks */ = {
			isa = PBXFrameworksBuildPhase;
			buildActionMask = 2147483647;
			files = (
			);
			runOnlyForDeploymentPostprocessing = 0;
		};
/* End PBXFrameworksBuildPhase section */

/* Begin PBXGroup section */
		20FA15FF24DF4469006AD5DE = {
			isa = PBXGroup;
			children = (
				20FA160A24DF446A006AD5DE /* amojiOS13 */,
				20FA160924DF446A006AD5DE /* Products */,
			);
			sourceTree = "<group>";
		};
		20FA160924DF446A006AD5DE /* Products */ = {
			isa = PBXGroup;
			children = (
				20FA160824DF446A006AD5DE /* amojiOS13.app */,
			);
			name = Products;
			sourceTree = "<group>";
		};
		20FA160A24DF446A006AD5DE /* amojiOS13 */ = {
			isa = PBXGroup;
			children = (
				20FA160B24DF446A006AD5DE /* AppDelegate.swift */,
				20FA160D24DF446A006AD5DE /* SceneDelegate.swift */,
				20FA160F24DF446A006AD5DE /* ContentView.swift */,
				20FA161124DF446C006AD5DE /* Assets.xcassets */,
				20FA161624DF446C006AD5DE /* LaunchScreen.storyboard */,
				20FA161924DF446C006AD5DE /* Info.plist */,
				20FA161324DF446C006AD5DE /* Preview Content */,
			);
			path = amojiOS13;
			sourceTree = "<group>";
		};
		20FA161324DF446C006AD5DE /* Preview Content */ = {
			isa = PBXGroup;
			children = (
				20FA161424DF446C006AD5DE /* Preview Assets.xcassets */,
			);
			path = "Preview Content";
			sourceTree = "<group>";
		};
/* End PBXGroup section */

/* Begin PBXNativeTarget section */
		20FA160724DF446A006AD5DE /* amojiOS13 */ = {
			isa = PBXNativeTarget;
			buildConfigurationList = 20FA161C24DF446C006AD5DE /* Build configuration list for PBXNativeTarget "amojiOS13" */;
			buildPhases = (
				20FA160424DF446A006AD5DE /* Sources */,
				20FA160524DF446A006AD5DE /* Frameworks */,
				20FA160624DF446A006AD5DE /* Resources */,
			);
			buildRules = (
			);
			dependencies = (
			);
			name = amojiOS13;
			productName = amojiOS13;
			productReference = 20FA160824DF446A006AD5DE /* amojiOS13.app */;
			productType = "com.apple.product-type.application";
		};
/* End PBXNativeTarget section */

/* Begin PBXProject section */
		20FA160024DF4469006AD5DE /* Project object */ = {
			isa = PBXProject;
			attributes = {
				LastSwiftUpdateCheck = 1150;
				LastUpgradeCheck = 1150;
				ORGANIZATIONNAME = Amie;
				TargetAttributes = {
					20FA160724DF446A006AD5DE = {
						CreatedOnToolsVersion = 11.5;
					};
				};
			};
			buildConfigurationList = 20FA160324DF4469006AD5DE /* Build configuration list for PBXProject "amojiOS13" */;
			compatibilityVersion = "Xcode 9.3";
			developmentRegion = en;
			hasScannedForEncodings = 0;
			knownRegions = (
				en,
				Base,
			);
			mainGroup = 20FA15FF24DF4469006AD5DE;
			productRefGroup = 20FA160924DF446A006AD5DE /* Products */;
			projectDirPath = "";
			projectRoot = "";
			targets = (
				20FA160724DF446A006AD5DE /* amojiOS13 */,
			);
		};
/* End PBXProject section */

/* Begin PBXResourcesBuildPhase section */
		20FA160624DF446A006AD5DE /* Resources */ = {
			isa = PBXResourcesBuildPhase;
			buildActionMask = 2147483647;
			files = (
				20FA161824DF446C006AD5DE /* LaunchScreen.storyboard in Resources */,
				20FA161524DF446C006AD5DE /* Preview Assets.xcassets in Resources */,
				20FA161224DF446C006AD5DE /* Assets.xcassets in Resources */,
			);
			runOnlyForDeploymentPostprocessing = 0;
		};
/* End PBXResourcesBuildPhase section */

/* Begin PBXSourcesBuildPhase section */
		20FA160424DF446A006AD5DE /* Sources */ = {
			isa = PBXSourcesBuildPhase;
			buildActionMask = 2147483647;
			files = (
				20FA160C24DF446A006AD5DE /* AppDelegate.swift in Sources */,
				20FA160E24DF446A006AD5DE /* SceneDelegate.swift in Sources */,
				20FA161024DF446A006AD5DE /* ContentView.swift in Sources */,
			);
			runOnlyForDeploymentPostprocessing = 0;
		};
/* End PBXSourcesBuildPhase section */

/* Begin PBXVariantGroup section */
		20FA161624DF446C006AD5DE /* LaunchScreen.storyboard */ = {
			isa = PBXVariantGroup;
			children = (
				20FA161724DF446C006AD5DE /* Base */,
			);
			name = LaunchScreen.storyboard;
			sourceTree = "<group>";
		};
/* End PBXVariantGroup section */

/* Begin XCBuildConfiguration section */
		20FA161A24DF446C006AD5DE /* Debug */ = {
			isa = XCBuildConfiguration;
			buildSettings = {
				ALWAYS_SEARCH_USER_PATHS = NO;
				CLANG_ANALYZER_NONNULL = YES;
				CLANG_ANALYZER_NUMBER_OBJECT_CONVERSION = YES_AGGRESSIVE;
				CLANG_CXX_LANGUAGE_STANDARD = "gnu++14";
				CLANG_CXX_LIBRARY = "libc++";
				CLANG_ENABLE_MODULES = YES;
				CLANG_ENABLE_OBJC_ARC = YES;
				CLANG_ENABLE_OBJC_WEAK = YES;
				CLANG_WARN_BLOCK_CAPTURE_AUTORELEASING = YES;
				CLANG_WARN_BOOL_CONVERSION = YES;
				CLANG_WARN_COMMA = YES;
				CLANG_WARN_CONSTANT_CONVERSION = YES;
				CLANG_WARN_DEPRECATED_OBJC_IMPLEMENTATIONS = YES;
				CLANG_WARN_DIRECT_OBJC_ISA_USAGE = YES_ERROR;
				CLANG_WARN_DOCUMENTATION_COMMENTS = YES;
				CLANG_WARN_EMPTY_BODY = YES;
				CLANG_WARN_ENUM_CONVERSION = YES;
				CLANG_WARN_INFINITE_RECURSION = YES;
				CLANG_WARN_INT_CONVERSION = YES;
				CLANG_WARN_NON_LITERAL_NULL_CONVERSION = YES;
				CLANG_WARN_OBJC_IMPLICIT_RETAIN_SELF = YES;
				CLANG_WARN_OBJC_LITERAL_CONVERSION = YES;
				CLANG_WARN_OBJC_ROOT_CLASS = YES_ERROR;
				CLANG_WARN_RANGE_LOOP_ANALYSIS = YES;
				CLANG_WARN_STRICT_PROTOTYPES = YES;
				CLANG_WARN_SUSPICIOUS_MOVE = YES;
				CLANG_WARN_UNGUARDED_AVAILABILITY = YES_AGGRESSIVE;
				CLANG_WARN_UNREACHABLE_CODE = YES;
				CLANG_WARN__DUPLICATE_METHOD_MATCH = YES;
				COPY_PHASE_STRIP = NO;
				DEBUG_INFORMATION_FORMAT = dwarf;
				ENABLE_STRICT_OBJC_MSGSEND = YES;
				ENABLE_TESTABILITY = YES;
				GCC_C_LANGUAGE_STANDARD = gnu11;
				GCC_DYNAMIC_NO_PIC = NO;
				GCC_NO_COMMON_BLOCKS = YES;
				GCC_OPTIMIZATION_LEVEL = 0;
				GCC_PREPROCESSOR_DEFINITIONS = (
					"DEBUG=1",
					"$(inherited)",
				);
				GCC_WARN_64_TO_32_BIT_CONVERSION = YES;
				GCC_WARN_ABOUT_RETURN_TYPE = YES_ERROR;
				GCC_WARN_UNDECLARED_SELECTOR = YES;
				GCC_WARN_UNINITIALIZED_AUTOS = YES_AGGRESSIVE;
				GCC_WARN_UNUSED_FUNCTION = YES;
				GCC_WARN_UNUSED_VARIABLE = YES;
				IPHONEOS_DEPLOYMENT_TARGET = 13.5;
				MTL_ENABLE_DEBUG_INFO = INCLUDE_SOURCE;
				MTL_FAST_MATH = YES;
				ONLY_ACTIVE_ARCH = YES;
				SDKROOT = iphoneos;
				SWIFT_ACTIVE_COMPILATION_CONDITIONS = DEBUG;
				SWIFT_OPTIMIZATION_LEVEL = "-Onone";
			};
			name = Debug;
		};
		20FA161B24DF446C006AD5DE /* Release */ = {
			isa = XCBuildConfiguration;
			buildSettings = {
				ALWAYS_SEARCH_USER_PATHS = NO;
				CLANG_ANALYZER_NONNULL = YES;
				CLANG_ANALYZER_NUMBER_OBJECT_CONVERSION = YES_AGGRESSIVE;
				CLANG_CXX_LANGUAGE_STANDARD = "gnu++14";
				CLANG_CXX_LIBRARY = "libc++";
				CLANG_ENABLE_MODULES = YES;
				CLANG_ENABLE_OBJC_ARC = YES;
				CLANG_ENABLE_OBJC_WEAK = YES;
				CLANG_WARN_BLOCK_CAPTURE_AUTORELEASING = YES;
				CLANG_WARN_BOOL_CONVERSION = YES;
				CLANG_WARN_COMMA = YES;
				CLANG_WARN_CONSTANT_CONVERSION = YES;
				CLANG_WARN_DEPRECATED_OBJC_IMPLEMENTATIONS = YES;
				CLANG_WARN_DIRECT_OBJC_ISA_USAGE = YES_ERROR;
				CLANG_WARN_DOCUMENTATION_COMMENTS = YES;
				CLANG_WARN_EMPTY_BODY = YES;
				CLANG_WARN_ENUM_CONVERSION = YES;
				CLANG_WARN_INFINITE_RECURSION = YES;
				CLANG_WARN_INT_CONVERSION = YES;
				CLANG_WARN_NON_LITERAL_NULL_CONVERSION = YES;
				CLANG_WARN_OBJC_IMPLICIT_RETAIN_SELF = YES;
				CLANG_WARN_OBJC_LITERAL_CONVERSION = YES;
				CLANG_WARN_OBJC_ROOT_CLASS = YES_ERROR;
				CLANG_WARN_RANGE_LOOP_ANALYSIS = YES;
				CLANG_WARN_STRICT_PROTOTYPES = YES;
				CLANG_WARN_SUSPICIOUS_MOVE = YES;
				CLANG_WARN_UNGUARDED_AVAILABILITY = YES_AGGRESSIVE;
				CLANG_WARN_UNREACHABLE_CODE = YES;
				CLANG_WARN__DUPLICATE_METHOD_MATCH = YES;
				COPY_PHASE_STRIP = NO;
				DEBUG_INFORMATION_FORMAT = "dwarf-with-dsym";
				ENABLE_NS_ASSERTIONS = NO;
				ENABLE_STRICT_OBJC_MSGSEND = YES;
				GCC_C_LANGUAGE_STANDARD = gnu11;
				GCC_NO_COMMON_BLOCKS = YES;
				GCC_WARN_64_TO_32_BIT_CONVERSION = YES;
				GCC_WARN_ABOUT_RETURN_TYPE = YES_ERROR;
				GCC_WARN_UNDECLARED_SELECTOR = YES;
				GCC_WARN_UNINITIALIZED_AUTOS = YES_AGGRESSIVE;
				GCC_WARN_UNUSED_FUNCTION = YES;
				GCC_WARN_UNUSED_VARIABLE = YES;
				IPHONEOS_DEPLOYMENT_TARGET = 13.5;
				MTL_ENABLE_DEBUG_INFO = NO;
				MTL_FAST_MATH = YES;
				SDKROOT = iphoneos;
				SWIFT_COMPILATION_MODE = wholemodule;
				SWIFT_OPTIMIZATION_LEVEL = "-O";
				VALIDATE_PRODUCT = YES;
			};
			name = Release;
		};
		20FA161D24DF446C006AD5DE /* Debug */ = {
			isa = XCBuildConfiguration;
			buildSettings = {
				ASSETCATALOG_COMPILER_APPICON_NAME = AppIcon;
				CODE_SIGN_STYLE = Automatic;
				DEVELOPMENT_ASSET_PATHS = "\"amojiOS13/Preview Content\"";
				DEVELOPMENT_TEAM = 64VV6PCRWU;
				ENABLE_PREVIEWS = YES;
				INFOPLIST_FILE = amojiOS13/Info.plist;
				LD_RUNPATH_SEARCH_PATHS = (
					"$(inherited)",
					"@executable_path/Frameworks",
				);
				PRODUCT_BUNDLE_IDENTIFIER = so.amie.amojiOS13;
				PRODUCT_NAME = "$(TARGET_NAME)";
				SWIFT_VERSION = 5.0;
				TARGETED_DEVICE_FAMILY = "1,2";
			};
			name = Debug;
		};
		20FA161E24DF446C006AD5DE /* Release */ = {
			isa = XCBuildConfiguration;
			buildSettings = {
				ASSETCATALOG_COMPILER_APPICON_NAME = AppIcon;
				CODE_SIGN_STYLE = Automatic;
				DEVELOPMENT_ASSET_PATHS = "\"amojiOS13/Preview Content\"";
				DEVELOPMENT_TEAM = 64VV6PCRWU;
				ENABLE_PREVIEWS = YES;
				INFOPLIST_FILE = amojiOS13/Info.plist;
				LD_RUNPATH_SEARCH_PATHS = (
					"$(inherited)",
					"@executable_path/Frameworks",
				);
				PRODUCT_BUNDLE_IDENTIFIER = so.amie.amojiOS13;
				PRODUCT_NAME = "$(TARGET_NAME)";
				SWIFT_VERSION = 5.0;
				TARGETED_DEVICE_FAMILY = "1,2";
			};
			name = Release;
		};
/* End XCBuildConfiguration section */

/* Begin XCConfigurationList section */
		20FA160324DF4469006AD5DE /* Build configuration list for PBXProject "amojiOS13" */ = {
			isa = XCConfigurationList;
			buildConfigurations = (
				20FA161A24DF446C006AD5DE /* Debug */,
				20FA161B24DF446C006AD5DE /* Release */,
			);
			defaultConfigurationIsVisible = 0;
			defaultConfigurationName = Release;
		};
		20FA161C24DF446C006AD5DE /* Build configuration list for PBXNativeTarget "amojiOS13" */ = {
			isa = XCConfigurationList;
			buildConfigurations = (
				20FA161D24DF446C006AD5DE /* Debug */,
				20FA161E24DF446C006AD5DE /* Release */,
			);
			defaultConfigurationIsVisible = 0;
			defaultConfigurationName = Release;
		};
/* End XCConfigurationList section */
	};
	rootObject = 20FA160024DF4469006AD5DE /* Project object */;
}
